
Microsoft Visual Studio Solution File, Format Version 12.00
# Visual Studio Version 17
VisualStudioVersion = 17.10.35027.167
MinimumVisualStudioVersion = 10.0.40219.1
Project("{2150E333-8FDC-42A3-9474-1A3956D46DE8}") = "Services", "Services", "{C9515722-C142-453E-8BBC-8E930D258489}"
EndProject
Project("{2150E333-8FDC-42A3-9474-1A3956D46DE8}") = "Catalog", "Catalog", "{1B093711-42D3-47F9-9202-73D8958FC05A}"
EndProject
Project("{FAE04EC0-301F-11D3-BF4B-00C04F79EFBC}") = "Catalog.API", "src\Services\Catalog\Catalog.API\Catalog.API.csproj", "{88490BCE-81D8-4569-956A-B97E950DDF2B}"
EndProject
Global
	GlobalSection(SolutionConfigurationPlatforms) = preSolution
		Debug|Any CPU = Debug|Any CPU
		Release|Any CPU = Release|Any CPU
	EndGlobalSection
	GlobalSection(ProjectConfigurationPlatforms) = postSolution
		{88490BCE-81D8-4569-956A-B97E950DDF2B}.Debug|Any CPU.ActiveCfg = Debug|Any CPU
		{88490BCE-81D8-4569-956A-B97E950DDF2B}.Debug|Any CPU.Build.0 = Debug|Any CPU
		{88490BCE-81D8-4569-956A-B97E950DDF2B}.Release|Any CPU.ActiveCfg = Release|Any CPU
		{88490BCE-81D8-4569-956A-B97E950DDF2B}.Release|Any CPU.Build.0 = Release|Any CPU
	EndGlobalSection
	GlobalSection(SolutionProperties) = preSolution
		HideSolutionNode = FALSE
	EndGlobalSection
	GlobalSection(NestedProjects) = preSolution
		{1B093711-42D3-47F9-9202-73D8958FC05A} = {C9515722-C142-453E-8BBC-8E930D258489}
		{88490BCE-81D8-4569-956A-B97E950DDF2B} = {1B093711-42D3-47F9-9202-73D8958FC05A}
	EndGlobalSection
	GlobalSection(ExtensibilityGlobals) = postSolution
		SolutionGuid = {2C90D530-0A9A-4324-B9C8-C5FF02494679}
	EndGlobalSection
EndGlobal
